github.com/azmelanar/hugo-theme-pixyll v0.0.0-20240430145741-84b471227eba h1:Fubdd+YoAfFs/DJcKFK3JZ1S/OySh0rTe8/hm9V21zU=
github.com/azmelanar/hugo-theme-pixyll v0.0.0-20240430145741-84b471227eba/go.mod h1:YN6R5rY4h6W9bqw86koJM8cerrl3OV1AIqgCgIGuMXI=
github.com/chollinger93/ink-free v1.4.3 h1:m4m81z9iOjM+zAMOv8WPsxwtneiRovC8n2nCYG7qbG4=
github.com/chollinger93/ink-free v1.4.3/go.mod h1:diBe+tAKd0iKdV9QCk8+GRlS7VqfGU9mxgvCk8JFB7A=
github.com/funkydan2/hugo-kiera v1.1.3 h1:UZPzkJUUBOCFKhHdJQE2jSaBLTR2KT9jc6aamZlv2Vk=
github.com/funkydan2/hugo-kiera v1.1.3/go.mod h1:BbmZeo7pwZ40j9PB9MSEteiGYFAUFoMZZvEU44AycqQ=
